
Microsoft Visual Studio Solution File, Format Version 12.00
# Visual Studio 2013
VisualStudioVersion = 12.0.40629.0
MinimumVisualStudioVersion = 10.0.40219.1
Project("{FAE04EC0-301F-11D3-BF4B-00C04F79EFBC}") = "Calc", "Calc\Calc.csproj", "{8E0FA392-8A88-47C4-96B9-6FA02BD807ED}"
EndProject
Project("{FAE04EC0-301F-11D3-BF4B-00C04F79EFBC}") = "CalcTests", "CalcTests\CalcTests.csproj", "{BEF02E6A-431C-478A-995D-59B1293369A5}"
EndProject
Project("{FAE04EC0-301F-11D3-BF4B-00C04F79EFBC}") = "WebApplication", "WebApplication\WebApplication.csproj", "{8DACD06A-CBB7-439C-948A-7D5BD30AA7EB}"
EndProject
Global
	GlobalSection(SolutionConfigurationPlatforms) = preSolution
		Debug|Any CPU = Debug|Any CPU
		Release|Any CPU = Release|Any CPU
	EndGlobalSection
	GlobalSection(ProjectConfigurationPlatforms) = postSolution
		{8E0FA392-8A88-47C4-96B9-6FA02BD807ED}.Debug|Any CPU.ActiveCfg = Debug|Any CPU
		{8E0FA392-8A88-47C4-96B9-6FA02BD807ED}.Debug|Any CPU.Build.0 = Debug|Any CPU
		{8E0FA392-8A88-47C4-96B9-6FA02BD807ED}.Release|Any CPU.ActiveCfg = Release|Any CPU
		{8E0FA392-8A88-47C4-96B9-6FA02BD807ED}.Release|Any CPU.Build.0 = Release|Any CPU
		{BEF02E6A-431C-478A-995D-59B1293369A5}.Debug|Any CPU.ActiveCfg = Debug|Any CPU
		{BEF02E6A-431C-478A-995D-59B1293369A5}.Debug|Any CPU.Build.0 = Debug|Any CPU
		{BEF02E6A-431C-478A-995D-59B1293369A5}.Release|Any CPU.ActiveCfg = Release|Any CPU
		{BEF02E6A-431C-478A-995D-59B1293369A5}.Release|Any CPU.Build.0 = Release|Any CPU
		{8DACD06A-CBB7-439C-948A-7D5BD30AA7EB}.Debug|Any CPU.ActiveCfg = Debug|Any CPU
		{8DACD06A-CBB7-439C-948A-7D5BD30AA7EB}.Debug|Any CPU.Build.0 = Debug|Any CPU
		{8DACD06A-CBB7-439C-948A-7D5BD30AA7EB}.Release|Any CPU.ActiveCfg = Release|Any CPU
		{8DACD06A-CBB7-439C-948A-7D5BD30AA7EB}.Release|Any CPU.Build.0 = Release|Any CPU
	EndGlobalSection
	GlobalSection(SolutionProperties) = preSolution
		HideSolutionNode = FALSE
	EndGlobalSection
	GlobalSection(ExtensibilityGlobals) = postSolution
		SolutionGuid = {047DB1B6-206F-496D-9792-32EF48E87C95}
	EndGlobalSection
EndGlobal
